<?xml version="1.0" encoding="utf-8"?>
<Project ToolsVersion="4.0" xmlns="http://schemas.microsoft.com/developer/msbuild/2003">
  <ItemGroup>
    <Filter Include="Source Files">
      <UniqueIdentifier>{4FC737F1-C7A5-4376-A066-2A32D752A2FF}</UniqueIdentifier>
      <Extensions>cpp;c;cc;cxx;c++;cppm;ixx;def;odl;idl;hpj;bat;asm;asmx</Extensions>
    </Filter>
    <Filter Include="Header Files">
      <UniqueIdentifier>{93995380-89BD-4b04-88EB-625FBE52EBFB}</UniqueIdentifier>
      <Extensions>h;hh;hpp;hxx;h++;hm;inl;inc;ipp;xsd</Extensions>
    </Filter>
    <Filter Include="Resource Files">
      <UniqueIdentifier>{67DA6AB6-F800-4c08-8B7A-83BB121AAD01}</UniqueIdentifier>
      <Extensions>rc;ico;cur;bmp;dlg;rc2;rct;bin;rgs;gif;jpg;jpeg;jpe;resx;tiff;tif;png;wav;mfcribbon-ms</Extensions>
    </Filter>
  </ItemGroup>
  <ItemGroup>
    <Xml Include="src\cascades\haarcascades\haarcascade_eye.xml" />
    <Xml Include="src\cascades\haarcascades\haarcascade_eye_tree_eyeglasses.xml" />
    <Xml Include="src\cascades\haarcascades\haarcascade_frontalcatface.xml" />
    <Xml Include="src\cascades\haarcascades\haarcascade_frontalcatface_extended.xml" />
    <Xml Include="src\cascades\haarcascades\haarcascade_frontalface_alt.xml" />
    <Xml Include="src\cascades\haarcascades\haarcascade_frontalface_alt_tree.xml" />
    <Xml Include="src\cascades\haarcascades\haarcascade_frontalface_alt2.xml" />
    <Xml Include="src\cascades\haarcascades\haarcascade_frontalface_default.xml" />
    <Xml Include="src\cascades\haarcascades\haarcascade_fullbody.xml" />
    <Xml Include="src\cascades\haarcascades\haarcascade_lefteye_2splits.xml" />
    <Xml Include="src\cascades\haarcascades\haarcascade_license_plate_rus_16stages.xml" />
    <Xml Include="src\cascades\haarcascades\haarcascade_lowerbody.xml" />
    <Xml Include="src\cascades\haarcascades\haarcascade_profileface.xml" />
    <Xml Include="src\cascades\haarcascades\haarcascade_righteye_2splits.xml" />
    <Xml Include="src\cascades\haarcascades\haarcascade_russian_plate_number.xml" />
    <Xml Include="src\cascades\haarcascades\haarcascade_smile.xml" />
    <Xml Include="src\cascades\haarcascades\haarcascade_upperbody.xml" />
    <Xml Include="src\cascades\haarcascades_cuda\haarcascade_eye.xml" />
    <Xml Include="src\cascades\haarcascades_cuda\haarcascade_eye_tree_eyeglasses.xml" />
    <Xml Include="src\cascades\haarcascades_cuda\haarcascade_frontalface_alt.xml" />
    <Xml Include="src\cascades\haarcascades_cuda\haarcascade_frontalface_alt_tree.xml" />
    <Xml Include="src\cascades\haarcascades_cuda\haarcascade_frontalface_alt2.xml" />
    <Xml Include="src\cascades\haarcascades_cuda\haarcascade_frontalface_default.xml" />
    <Xml Include="src\cascades\haarcascades_cuda\haarcascade_fullbody.xml" />
    <Xml Include="src\cascades\haarcascades_cuda\haarcascade_lefteye_2splits.xml" />
    <Xml Include="src\cascades\haarcascades_cuda\haarcascade_lowerbody.xml" />
    <Xml Include="src\cascades\haarcascades_cuda\haarcascade_profileface.xml" />
    <Xml Include="src\cascades\haarcascades_cuda\haarcascade_righteye_2splits.xml" />
    <Xml Include="src\cascades\haarcascades_cuda\haarcascade_smile.xml" />
    <Xml Include="src\cascades\haarcascades_cuda\haarcascade_upperbody.xml" />
    <Xml Include="src\cascades\hogcascades\hogcascade_pedestrians.xml" />
    <Xml Include="src\cascades\lbpcascades\lbpcascade_frontalcatface.xml" />
    <Xml Include="src\cascades\lbpcascades\lbpcascade_frontalface.xml" />
    <Xml Include="src\cascades\lbpcascades\lbpcascade_frontalface_improved.xml" />
    <Xml Include="src\cascades\lbpcascades\lbpcascade_profileface.xml" />
    <Xml Include="src\cascades\lbpcascades\lbpcascade_silverware.xml" />
  </ItemGroup>
  <ItemGroup>
    <ClCompile Include="src\image_to_xml.cpp">
      <Filter>Source Files</Filter>
    </ClCompile>
  </ItemGroup>
</Project>